# THIS IS AN AUTOGENERATED FILE. DO NOT EDIT THIS FILE DIRECTLY.
# yarn lockfile v1


"@cycler/task@file:../task":
  version "1.0.0-unified.2"

"@types/fs-extra@^2.0.0":
  version "2.0.0"
  resolved "https://registry.yarnpkg.com/@types/fs-extra/-/fs-extra-2.0.0.tgz#1e305d412c4e9e17e5553f59f143e4a49c5573a4"
  dependencies:
    "@types/node" "*"

"@types/node@*":
  version "7.0.12"
  resolved "https://registry.yarnpkg.com/@types/node/-/node-7.0.12.tgz#ae5f67a19c15f752148004db07cbbb372e69efc9"

fs-extra@^2.1.2:
  version "2.1.2"
  resolved "https://registry.yarnpkg.com/fs-extra/-/fs-extra-2.1.2.tgz#046c70163cef9aad46b0e4a7fa467fb22d71de35"
  dependencies:
    graceful-fs "^4.1.2"
    jsonfile "^2.1.0"

graceful-fs@^4.1.2, graceful-fs@^4.1.6:
  version "4.1.11"
  resolved "https://registry.yarnpkg.com/graceful-fs/-/graceful-fs-4.1.11.tgz#0e8bdfe4d1ddb8854d64e04ea7c00e2a026e5658"

jsonfile@^2.1.0:
  version "2.4.0"
  resolved "https://registry.yarnpkg.com/jsonfile/-/jsonfile-2.4.0.tgz#3736a2b428b87bbda0cc83b53fa3d633a35c2ae8"
  optionalDependencies:
    graceful-fs "^4.1.6"
