# THIS IS AN AUTOGENERATED FILE. DO NOT EDIT THIS FILE DIRECTLY.
# yarn lockfile v1


"@cycle/dom@^17.3.0":
  version "17.3.0"
  resolved "https://registry.yarnpkg.com/@cycle/dom/-/dom-17.3.0.tgz#99c80b748cad98a53946f7180ba5c3d9450d23f2"
  dependencies:
    "@cycle/run" "*"
    es6-map "^0.1.4"
    snabbdom "0.6.8"
    snabbdom-selector "1.2.0"

"@cycle/run@*":
  version "3.1.0"
  resolved "https://registry.yarnpkg.com/@cycle/run/-/run-3.1.0.tgz#76df582a501d2d1b871f8f6decf263afae090384"
  dependencies:
    xstream "10.x"

cssauron@^1.4.0:
  version "1.4.0"
  resolved "https://registry.yarnpkg.com/cssauron/-/cssauron-1.4.0.tgz#a6602dff7e04a8306dc0db9a551e92e8b5662ad8"
  dependencies:
    through X.X.X

d@1:
  version "1.0.0"
  resolved "https://registry.yarnpkg.com/d/-/d-1.0.0.tgz#754bb5bfe55451da69a58b94d45f4c5b0462d58f"
  dependencies:
    es5-ext "^0.10.9"

es5-ext@^0.10.14, es5-ext@^0.10.9, es5-ext@~0.10.14:
  version "0.10.21"
  resolved "https://registry.yarnpkg.com/es5-ext/-/es5-ext-0.10.21.tgz#19a725f9e51d0300bbc1e8e821109fd9daf55925"
  dependencies:
    es6-iterator "2"
    es6-symbol "~3.1"

es6-iterator@2, es6-iterator@~2.0.1:
  version "2.0.1"
  resolved "https://registry.yarnpkg.com/es6-iterator/-/es6-iterator-2.0.1.tgz#8e319c9f0453bf575d374940a655920e59ca5512"
  dependencies:
    d "1"
    es5-ext "^0.10.14"
    es6-symbol "^3.1"

es6-map@^0.1.4:
  version "0.1.5"
  resolved "https://registry.yarnpkg.com/es6-map/-/es6-map-0.1.5.tgz#9136e0503dcc06a301690f0bb14ff4e364e949f0"
  dependencies:
    d "1"
    es5-ext "~0.10.14"
    es6-iterator "~2.0.1"
    es6-set "~0.1.5"
    es6-symbol "~3.1.1"
    event-emitter "~0.3.5"

es6-set@~0.1.5:
  version "0.1.5"
  resolved "https://registry.yarnpkg.com/es6-set/-/es6-set-0.1.5.tgz#d2b3ec5d4d800ced818db538d28974db0a73ccb1"
  dependencies:
    d "1"
    es5-ext "~0.10.14"
    es6-iterator "~2.0.1"
    es6-symbol "3.1.1"
    event-emitter "~0.3.5"

es6-symbol@3.1.1, es6-symbol@^3.1, es6-symbol@~3.1, es6-symbol@~3.1.1:
  version "3.1.1"
  resolved "https://registry.yarnpkg.com/es6-symbol/-/es6-symbol-3.1.1.tgz#bf00ef4fdab6ba1b46ecb7b629b4c7ed5715cc77"
  dependencies:
    d "1"
    es5-ext "~0.10.14"

event-emitter@~0.3.5:
  version "0.3.5"
  resolved "https://registry.yarnpkg.com/event-emitter/-/event-emitter-0.3.5.tgz#df8c69eef1647923c7157b9ce83840610b02cc39"
  dependencies:
    d "1"
    es5-ext "~0.10.14"

snabbdom-selector@1.2.0:
  version "1.2.0"
  resolved "https://registry.yarnpkg.com/snabbdom-selector/-/snabbdom-selector-1.2.0.tgz#4260a269d9d46f50b9c1f39da628c2af6828dd53"
  dependencies:
    cssauron "^1.4.0"

snabbdom@0.6.8:
  version "0.6.8"
  resolved "https://registry.yarnpkg.com/snabbdom/-/snabbdom-0.6.8.tgz#6ca7f90c203e0450e2525a1c11b0ad7410413c4b"

symbol-observable@^1.0.2:
  version "1.0.4"
  resolved "https://registry.yarnpkg.com/symbol-observable/-/symbol-observable-1.0.4.tgz#29bf615d4aa7121bdd898b22d4b3f9bc4e2aa03d"

through@X.X.X:
  version "2.3.8"
  resolved "https://registry.yarnpkg.com/through/-/through-2.3.8.tgz#0dd4c9ffaabc357960b1b724115d7e0e86a2e1f5"

xstream@10.x:
  version "10.8.0"
  resolved "https://registry.yarnpkg.com/xstream/-/xstream-10.8.0.tgz#f3c70b12a71ef34dcc6af44ea7e1b0c40d320f4f"
  dependencies:
    symbol-observable "^1.0.2"
